
Microsoft Visual Studio Solution File, Format Version 12.00
# Visual Studio Version 17
VisualStudioVersion = 17.0.31903.59
MinimumVisualStudioVersion = 10.0.40219.1
Project("{FAE04EC0-301F-11D3-BF4B-00C04F79EFBC}") = "SimulaPay.Api", "SimulaPay.Api\SimulaPay.Api.csproj", "{A48570B1-1385-4FB9-9CC7-949D61B3D9A2}"
EndProject
Project("{FAE04EC0-301F-11D3-BF4B-00C04F79EFBC}") = "SimulaPay.Infra.Data", "SimulaPay.Infra.Data\SimulaPay.Infra.Data.csproj", "{61E0AA00-7834-433F-A545-9ED077E154E5}"
EndProject
Project("{FAE04EC0-301F-11D3-BF4B-00C04F79EFBC}") = "SimulaPay.Infra.Ioc", "SimulaPay.Infra.Ioc\SimulaPay.Infra.Ioc.csproj", "{239AA0DE-FF67-43C5-880B-178652203BB3}"
EndProject
Project("{FAE04EC0-301F-11D3-BF4B-00C04F79EFBC}") = "SimulaPay.Domain", "SimulaPay.Domain\SimulaPay.Domain.csproj", "{46C35FD2-3EBB-46C2-976A-26B5CD16BE14}"
EndProject
Project("{FAE04EC0-301F-11D3-BF4B-00C04F79EFBC}") = "SimulaPay.Application", "SimulaPay.Application\SimulaPay.Application.csproj", "{F071947A-F6F3-4C8F-94F2-BC9A08DA8A40}"
EndProject
Global
	GlobalSection(SolutionConfigurationPlatforms) = preSolution
		Debug|Any CPU = Debug|Any CPU
		Debug|x64 = Debug|x64
		Debug|x86 = Debug|x86
		Release|Any CPU = Release|Any CPU
		Release|x64 = Release|x64
		Release|x86 = Release|x86
	EndGlobalSection
	GlobalSection(ProjectConfigurationPlatforms) = postSolution
		{A48570B1-1385-4FB9-9CC7-949D61B3D9A2}.Debug|Any CPU.ActiveCfg = Debug|Any CPU
		{A48570B1-1385-4FB9-9CC7-949D61B3D9A2}.Debug|Any CPU.Build.0 = Debug|Any CPU
		{A48570B1-1385-4FB9-9CC7-949D61B3D9A2}.Debug|x64.ActiveCfg = Debug|Any CPU
		{A48570B1-1385-4FB9-9CC7-949D61B3D9A2}.Debug|x64.Build.0 = Debug|Any CPU
		{A48570B1-1385-4FB9-9CC7-949D61B3D9A2}.Debug|x86.ActiveCfg = Debug|Any CPU
		{A48570B1-1385-4FB9-9CC7-949D61B3D9A2}.Debug|x86.Build.0 = Debug|Any CPU
		{A48570B1-1385-4FB9-9CC7-949D61B3D9A2}.Release|Any CPU.ActiveCfg = Release|Any CPU
		{A48570B1-1385-4FB9-9CC7-949D61B3D9A2}.Release|Any CPU.Build.0 = Release|Any CPU
		{A48570B1-1385-4FB9-9CC7-949D61B3D9A2}.Release|x64.ActiveCfg = Release|Any CPU
		{A48570B1-1385-4FB9-9CC7-949D61B3D9A2}.Release|x64.Build.0 = Release|Any CPU
		{A48570B1-1385-4FB9-9CC7-949D61B3D9A2}.Release|x86.ActiveCfg = Release|Any CPU
		{A48570B1-1385-4FB9-9CC7-949D61B3D9A2}.Release|x86.Build.0 = Release|Any CPU
		{61E0AA00-7834-433F-A545-9ED077E154E5}.Debug|Any CPU.ActiveCfg = Debug|Any CPU
		{61E0AA00-7834-433F-A545-9ED077E154E5}.Debug|Any CPU.Build.0 = Debug|Any CPU
		{61E0AA00-7834-433F-A545-9ED077E154E5}.Debug|x64.ActiveCfg = Debug|Any CPU
		{61E0AA00-7834-433F-A545-9ED077E154E5}.Debug|x64.Build.0 = Debug|Any CPU
		{61E0AA00-7834-433F-A545-9ED077E154E5}.Debug|x86.ActiveCfg = Debug|Any CPU
		{61E0AA00-7834-433F-A545-9ED077E154E5}.Debug|x86.Build.0 = Debug|Any CPU
		{61E0AA00-7834-433F-A545-9ED077E154E5}.Release|Any CPU.ActiveCfg = Release|Any CPU
		{61E0AA00-7834-433F-A545-9ED077E154E5}.Release|Any CPU.Build.0 = Release|Any CPU
		{61E0AA00-7834-433F-A545-9ED077E154E5}.Release|x64.ActiveCfg = Release|Any CPU
		{61E0AA00-7834-433F-A545-9ED077E154E5}.Release|x64.Build.0 = Release|Any CPU
		{61E0AA00-7834-433F-A545-9ED077E154E5}.Release|x86.ActiveCfg = Release|Any CPU
		{61E0AA00-7834-433F-A545-9ED077E154E5}.Release|x86.Build.0 = Release|Any CPU
		{239AA0DE-FF67-43C5-880B-178652203BB3}.Debug|Any CPU.ActiveCfg = Debug|Any CPU
		{239AA0DE-FF67-43C5-880B-178652203BB3}.Debug|Any CPU.Build.0 = Debug|Any CPU
		{239AA0DE-FF67-43C5-880B-178652203BB3}.Debug|x64.ActiveCfg = Debug|Any CPU
		{239AA0DE-FF67-43C5-880B-178652203BB3}.Debug|x64.Build.0 = Debug|Any CPU
		{239AA0DE-FF67-43C5-880B-178652203BB3}.Debug|x86.ActiveCfg = Debug|Any CPU
		{239AA0DE-FF67-43C5-880B-178652203BB3}.Debug|x86.Build.0 = Debug|Any CPU
		{239AA0DE-FF67-43C5-880B-178652203BB3}.Release|Any CPU.ActiveCfg = Release|Any CPU
		{239AA0DE-FF67-43C5-880B-178652203BB3}.Release|Any CPU.Build.0 = Release|Any CPU
		{239AA0DE-FF67-43C5-880B-178652203BB3}.Release|x64.ActiveCfg = Release|Any CPU
		{239AA0DE-FF67-43C5-880B-178652203BB3}.Release|x64.Build.0 = Release|Any CPU
		{239AA0DE-FF67-43C5-880B-178652203BB3}.Release|x86.ActiveCfg = Release|Any CPU
		{239AA0DE-FF67-43C5-880B-178652203BB3}.Release|x86.Build.0 = Release|Any CPU
		{46C35FD2-3EBB-46C2-976A-26B5CD16BE14}.Debug|Any CPU.ActiveCfg = Debug|Any CPU
		{46C35FD2-3EBB-46C2-976A-26B5CD16BE14}.Debug|Any CPU.Build.0 = Debug|Any CPU
		{46C35FD2-3EBB-46C2-976A-26B5CD16BE14}.Debug|x64.ActiveCfg = Debug|Any CPU
		{46C35FD2-3EBB-46C2-976A-26B5CD16BE14}.Debug|x64.Build.0 = Debug|Any CPU
		{46C35FD2-3EBB-46C2-976A-26B5CD16BE14}.Debug|x86.ActiveCfg = Debug|Any CPU
		{46C35FD2-3EBB-46C2-976A-26B5CD16BE14}.Debug|x86.Build.0 = Debug|Any CPU
		{46C35FD2-3EBB-46C2-976A-26B5CD16BE14}.Release|Any CPU.ActiveCfg = Release|Any CPU
		{46C35FD2-3EBB-46C2-976A-26B5CD16BE14}.Release|Any CPU.Build.0 = Release|Any CPU
		{46C35FD2-3EBB-46C2-976A-26B5CD16BE14}.Release|x64.ActiveCfg = Release|Any CPU
		{46C35FD2-3EBB-46C2-976A-26B5CD16BE14}.Release|x64.Build.0 = Release|Any CPU
		{46C35FD2-3EBB-46C2-976A-26B5CD16BE14}.Release|x86.ActiveCfg = Release|Any CPU
		{46C35FD2-3EBB-46C2-976A-26B5CD16BE14}.Release|x86.Build.0 = Release|Any CPU
		{F071947A-F6F3-4C8F-94F2-BC9A08DA8A40}.Debug|Any CPU.ActiveCfg = Debug|Any CPU
		{F071947A-F6F3-4C8F-94F2-BC9A08DA8A40}.Debug|Any CPU.Build.0 = Debug|Any CPU
		{F071947A-F6F3-4C8F-94F2-BC9A08DA8A40}.Debug|x64.ActiveCfg = Debug|Any CPU
		{F071947A-F6F3-4C8F-94F2-BC9A08DA8A40}.Debug|x64.Build.0 = Debug|Any CPU
		{F071947A-F6F3-4C8F-94F2-BC9A08DA8A40}.Debug|x86.ActiveCfg = Debug|Any CPU
		{F071947A-F6F3-4C8F-94F2-BC9A08DA8A40}.Debug|x86.Build.0 = Debug|Any CPU
		{F071947A-F6F3-4C8F-94F2-BC9A08DA8A40}.Release|Any CPU.ActiveCfg = Release|Any CPU
		{F071947A-F6F3-4C8F-94F2-BC9A08DA8A40}.Release|Any CPU.Build.0 = Release|Any CPU
		{F071947A-F6F3-4C8F-94F2-BC9A08DA8A40}.Release|x64.ActiveCfg = Release|Any CPU
		{F071947A-F6F3-4C8F-94F2-BC9A08DA8A40}.Release|x64.Build.0 = Release|Any CPU
		{F071947A-F6F3-4C8F-94F2-BC9A08DA8A40}.Release|x86.ActiveCfg = Release|Any CPU
		{F071947A-F6F3-4C8F-94F2-BC9A08DA8A40}.Release|x86.Build.0 = Release|Any CPU
	EndGlobalSection
	GlobalSection(SolutionProperties) = preSolution
		HideSolutionNode = FALSE
	EndGlobalSection
EndGlobal
