
Microsoft Visual Studio Solution File, Format Version 12.00
# Visual Studio Version 17
VisualStudioVersion = 17.0.31903.59
MinimumVisualStudioVersion = 10.0.40219.1
Project("{FAE04EC0-301F-11D3-BF4B-00C04F79EFBC}") = "SimulaPay.Api", "SimulaPay.Api\SimulaPay.Api.csproj", "{C0FA67C9-369A-4755-AE9F-7F48A65D1CE1}"
EndProject
Project("{FAE04EC0-301F-11D3-BF4B-00C04F79EFBC}") = "SimulaPay.Application", "SimulaPay.Application\SimulaPay.Application.csproj", "{554D8EF6-6EB4-4B4B-AA2D-79CFEBF9659E}"
EndProject
Project("{FAE04EC0-301F-11D3-BF4B-00C04F79EFBC}") = "SimulaPay.Domain", "SimulaPay.Domain\SimulaPay.Domain.csproj", "{AF6FDA23-15BC-4739-850A-7BB83446611C}"
EndProject
Project("{FAE04EC0-301F-11D3-BF4B-00C04F79EFBC}") = "SimulaPay.Infra.Ioc", "SimulaPay.Infra.Ioc\SimulaPay.Infra.Ioc.csproj", "{F0F73525-BC52-4CE6-AB6C-B5048DA43ECE}"
EndProject
Project("{FAE04EC0-301F-11D3-BF4B-00C04F79EFBC}") = "SimulaPay.Infra.Data", "SimulaPay.Infra.Data\SimulaPay.Infra.Data.csproj", "{057C4F4D-E03F-4342-95DA-29A4DDE5FBF2}"
EndProject
Global
	GlobalSection(SolutionConfigurationPlatforms) = preSolution
		Debug|Any CPU = Debug|Any CPU
		Debug|x64 = Debug|x64
		Debug|x86 = Debug|x86
		Release|Any CPU = Release|Any CPU
		Release|x64 = Release|x64
		Release|x86 = Release|x86
	EndGlobalSection
	GlobalSection(ProjectConfigurationPlatforms) = postSolution
		{C0FA67C9-369A-4755-AE9F-7F48A65D1CE1}.Debug|Any CPU.ActiveCfg = Debug|Any CPU
		{C0FA67C9-369A-4755-AE9F-7F48A65D1CE1}.Debug|Any CPU.Build.0 = Debug|Any CPU
		{C0FA67C9-369A-4755-AE9F-7F48A65D1CE1}.Debug|x64.ActiveCfg = Debug|Any CPU
		{C0FA67C9-369A-4755-AE9F-7F48A65D1CE1}.Debug|x64.Build.0 = Debug|Any CPU
		{C0FA67C9-369A-4755-AE9F-7F48A65D1CE1}.Debug|x86.ActiveCfg = Debug|Any CPU
		{C0FA67C9-369A-4755-AE9F-7F48A65D1CE1}.Debug|x86.Build.0 = Debug|Any CPU
		{C0FA67C9-369A-4755-AE9F-7F48A65D1CE1}.Release|Any CPU.ActiveCfg = Release|Any CPU
		{C0FA67C9-369A-4755-AE9F-7F48A65D1CE1}.Release|Any CPU.Build.0 = Release|Any CPU
		{C0FA67C9-369A-4755-AE9F-7F48A65D1CE1}.Release|x64.ActiveCfg = Release|Any CPU
		{C0FA67C9-369A-4755-AE9F-7F48A65D1CE1}.Release|x64.Build.0 = Release|Any CPU
		{C0FA67C9-369A-4755-AE9F-7F48A65D1CE1}.Release|x86.ActiveCfg = Release|Any CPU
		{C0FA67C9-369A-4755-AE9F-7F48A65D1CE1}.Release|x86.Build.0 = Release|Any CPU
		{554D8EF6-6EB4-4B4B-AA2D-79CFEBF9659E}.Debug|Any CPU.ActiveCfg = Debug|Any CPU
		{554D8EF6-6EB4-4B4B-AA2D-79CFEBF9659E}.Debug|Any CPU.Build.0 = Debug|Any CPU
		{554D8EF6-6EB4-4B4B-AA2D-79CFEBF9659E}.Debug|x64.ActiveCfg = Debug|Any CPU
		{554D8EF6-6EB4-4B4B-AA2D-79CFEBF9659E}.Debug|x64.Build.0 = Debug|Any CPU
		{554D8EF6-6EB4-4B4B-AA2D-79CFEBF9659E}.Debug|x86.ActiveCfg = Debug|Any CPU
		{554D8EF6-6EB4-4B4B-AA2D-79CFEBF9659E}.Debug|x86.Build.0 = Debug|Any CPU
		{554D8EF6-6EB4-4B4B-AA2D-79CFEBF9659E}.Release|Any CPU.ActiveCfg = Release|Any CPU
		{554D8EF6-6EB4-4B4B-AA2D-79CFEBF9659E}.Release|Any CPU.Build.0 = Release|Any CPU
		{554D8EF6-6EB4-4B4B-AA2D-79CFEBF9659E}.Release|x64.ActiveCfg = Release|Any CPU
		{554D8EF6-6EB4-4B4B-AA2D-79CFEBF9659E}.Release|x64.Build.0 = Release|Any CPU
		{554D8EF6-6EB4-4B4B-AA2D-79CFEBF9659E}.Release|x86.ActiveCfg = Release|Any CPU
		{554D8EF6-6EB4-4B4B-AA2D-79CFEBF9659E}.Release|x86.Build.0 = Release|Any CPU
		{AF6FDA23-15BC-4739-850A-7BB83446611C}.Debug|Any CPU.ActiveCfg = Debug|Any CPU
		{AF6FDA23-15BC-4739-850A-7BB83446611C}.Debug|Any CPU.Build.0 = Debug|Any CPU
		{AF6FDA23-15BC-4739-850A-7BB83446611C}.Debug|x64.ActiveCfg = Debug|Any CPU
		{AF6FDA23-15BC-4739-850A-7BB83446611C}.Debug|x64.Build.0 = Debug|Any CPU
		{AF6FDA23-15BC-4739-850A-7BB83446611C}.Debug|x86.ActiveCfg = Debug|Any CPU
		{AF6FDA23-15BC-4739-850A-7BB83446611C}.Debug|x86.Build.0 = Debug|Any CPU
		{AF6FDA23-15BC-4739-850A-7BB83446611C}.Release|Any CPU.ActiveCfg = Release|Any CPU
		{AF6FDA23-15BC-4739-850A-7BB83446611C}.Release|Any CPU.Build.0 = Release|Any CPU
		{AF6FDA23-15BC-4739-850A-7BB83446611C}.Release|x64.ActiveCfg = Release|Any CPU
		{AF6FDA23-15BC-4739-850A-7BB83446611C}.Release|x64.Build.0 = Release|Any CPU
		{AF6FDA23-15BC-4739-850A-7BB83446611C}.Release|x86.ActiveCfg = Release|Any CPU
		{AF6FDA23-15BC-4739-850A-7BB83446611C}.Release|x86.Build.0 = Release|Any CPU
		{F0F73525-BC52-4CE6-AB6C-B5048DA43ECE}.Debug|Any CPU.ActiveCfg = Debug|Any CPU
		{F0F73525-BC52-4CE6-AB6C-B5048DA43ECE}.Debug|Any CPU.Build.0 = Debug|Any CPU
		{F0F73525-BC52-4CE6-AB6C-B5048DA43ECE}.Debug|x64.ActiveCfg = Debug|Any CPU
		{F0F73525-BC52-4CE6-AB6C-B5048DA43ECE}.Debug|x64.Build.0 = Debug|Any CPU
		{F0F73525-BC52-4CE6-AB6C-B5048DA43ECE}.Debug|x86.ActiveCfg = Debug|Any CPU
		{F0F73525-BC52-4CE6-AB6C-B5048DA43ECE}.Debug|x86.Build.0 = Debug|Any CPU
		{F0F73525-BC52-4CE6-AB6C-B5048DA43ECE}.Release|Any CPU.ActiveCfg = Release|Any CPU
		{F0F73525-BC52-4CE6-AB6C-B5048DA43ECE}.Release|Any CPU.Build.0 = Release|Any CPU
		{F0F73525-BC52-4CE6-AB6C-B5048DA43ECE}.Release|x64.ActiveCfg = Release|Any CPU
		{F0F73525-BC52-4CE6-AB6C-B5048DA43ECE}.Release|x64.Build.0 = Release|Any CPU
		{F0F73525-BC52-4CE6-AB6C-B5048DA43ECE}.Release|x86.ActiveCfg = Release|Any CPU
		{F0F73525-BC52-4CE6-AB6C-B5048DA43ECE}.Release|x86.Build.0 = Release|Any CPU
		{057C4F4D-E03F-4342-95DA-29A4DDE5FBF2}.Debug|Any CPU.ActiveCfg = Debug|Any CPU
		{057C4F4D-E03F-4342-95DA-29A4DDE5FBF2}.Debug|Any CPU.Build.0 = Debug|Any CPU
		{057C4F4D-E03F-4342-95DA-29A4DDE5FBF2}.Debug|x64.ActiveCfg = Debug|Any CPU
		{057C4F4D-E03F-4342-95DA-29A4DDE5FBF2}.Debug|x64.Build.0 = Debug|Any CPU
		{057C4F4D-E03F-4342-95DA-29A4DDE5FBF2}.Debug|x86.ActiveCfg = Debug|Any CPU
		{057C4F4D-E03F-4342-95DA-29A4DDE5FBF2}.Debug|x86.Build.0 = Debug|Any CPU
		{057C4F4D-E03F-4342-95DA-29A4DDE5FBF2}.Release|Any CPU.ActiveCfg = Release|Any CPU
		{057C4F4D-E03F-4342-95DA-29A4DDE5FBF2}.Release|Any CPU.Build.0 = Release|Any CPU
		{057C4F4D-E03F-4342-95DA-29A4DDE5FBF2}.Release|x64.ActiveCfg = Release|Any CPU
		{057C4F4D-E03F-4342-95DA-29A4DDE5FBF2}.Release|x64.Build.0 = Release|Any CPU
		{057C4F4D-E03F-4342-95DA-29A4DDE5FBF2}.Release|x86.ActiveCfg = Release|Any CPU
		{057C4F4D-E03F-4342-95DA-29A4DDE5FBF2}.Release|x86.Build.0 = Release|Any CPU
	EndGlobalSection
	GlobalSection(SolutionProperties) = preSolution
		HideSolutionNode = FALSE
	EndGlobalSection
EndGlobal
